
Microsoft Visual Studio Solution File, Format Version 12.00
# Visual Studio Version 17
VisualStudioVersion = 17.14.36915.13
MinimumVisualStudioVersion = 10.0.40219.1
Project("{FAE04EC0-301F-11D3-BF4B-00C04F79EFBC}") = "PickleLog.Api", "PickleLog\PickleLog.Api.csproj", "{F92783C5-A71C-7651-B59F-F7559F46CB9A}"
EndProject
Project("{FAE04EC0-301F-11D3-BF4B-00C04F79EFBC}") = "PickleLog.Business", "PickleLog.Business\PickleLog.Business.csproj", "{ACFFBBED-C6B2-93AF-97ED-DACB122252B1}"
EndProject
Global
	GlobalSection(SolutionConfigurationPlatforms) = preSolution
		Debug|Any CPU = Debug|Any CPU
		Release|Any CPU = Release|Any CPU
	EndGlobalSection
	GlobalSection(ProjectConfigurationPlatforms) = postSolution
		{F92783C5-A71C-7651-B59F-F7559F46CB9A}.Debug|Any CPU.ActiveCfg = Debug|Any CPU
		{F92783C5-A71C-7651-B59F-F7559F46CB9A}.Debug|Any CPU.Build.0 = Debug|Any CPU
		{F92783C5-A71C-7651-B59F-F7559F46CB9A}.Release|Any CPU.ActiveCfg = Release|Any CPU
		{F92783C5-A71C-7651-B59F-F7559F46CB9A}.Release|Any CPU.Build.0 = Release|Any CPU
		{ACFFBBED-C6B2-93AF-97ED-DACB122252B1}.Debug|Any CPU.ActiveCfg = Debug|Any CPU
		{ACFFBBED-C6B2-93AF-97ED-DACB122252B1}.Debug|Any CPU.Build.0 = Debug|Any CPU
		{ACFFBBED-C6B2-93AF-97ED-DACB122252B1}.Release|Any CPU.ActiveCfg = Release|Any CPU
		{ACFFBBED-C6B2-93AF-97ED-DACB122252B1}.Release|Any CPU.Build.0 = Release|Any CPU
	EndGlobalSection
	GlobalSection(SolutionProperties) = preSolution
		HideSolutionNode = FALSE
	EndGlobalSection
	GlobalSection(ExtensibilityGlobals) = postSolution
		SolutionGuid = {8C36C312-A175-4D10-A90C-60FD32C38268}
	EndGlobalSection
EndGlobal
