
Microsoft Visual Studio Solution File, Format Version 12.00
# Visual Studio Version 17
VisualStudioVersion = 17.14.36915.13 d17.14
MinimumVisualStudioVersion = 10.0.40219.1
Project("{FAE04EC0-301F-11D3-BF4B-00C04F79EFBC}") = "PickleLog", "PickleLog.csproj", "{1FE480E0-0D7C-4FB4-8ABE-5FF1D9347DDD}"
EndProject
Global
	GlobalSection(SolutionConfigurationPlatforms) = preSolution
		Debug|Any CPU = Debug|Any CPU
		Release|Any CPU = Release|Any CPU
	EndGlobalSection
	GlobalSection(ProjectConfigurationPlatforms) = postSolution
		{1FE480E0-0D7C-4FB4-8ABE-5FF1D9347DDD}.Debug|Any CPU.ActiveCfg = Debug|Any CPU
		{1FE480E0-0D7C-4FB4-8ABE-5FF1D9347DDD}.Debug|Any CPU.Build.0 = Debug|Any CPU
		{1FE480E0-0D7C-4FB4-8ABE-5FF1D9347DDD}.Release|Any CPU.ActiveCfg = Release|Any CPU
		{1FE480E0-0D7C-4FB4-8ABE-5FF1D9347DDD}.Release|Any CPU.Build.0 = Release|Any CPU
	EndGlobalSection
	GlobalSection(SolutionProperties) = preSolution
		HideSolutionNode = FALSE
	EndGlobalSection
	GlobalSection(ExtensibilityGlobals) = postSolution
		SolutionGuid = {8C36C312-A175-4D10-A90C-60FD32C38268}
	EndGlobalSection
EndGlobal
